
Microsoft Visual Studio Solution File, Format Version 12.00
# Visual Studio 15
VisualStudioVersion = 15.0.27703.2000
MinimumVisualStudioVersion = 10.0.40219.1
Project("{FAE04EC0-301F-11D3-BF4B-00C04F79EFBC}") = "Library.Standard", "Library.Standard\Library.Standard.csproj", "{2C67C999-C97C-4473-BD2B-5B7CDE8B12EE}"
EndProject
Global
	GlobalSection(SolutionConfigurationPlatforms) = preSolution
		Debug|Any CPU = Debug|Any CPU
		Release|Any CPU = Release|Any CPU
	EndGlobalSection
	GlobalSection(ProjectConfigurationPlatforms) = postSolution
		{2C67C999-C97C-4473-BD2B-5B7CDE8B12EE}.Debug|Any CPU.ActiveCfg = Debug|Any CPU
		{2C67C999-C97C-4473-BD2B-5B7CDE8B12EE}.Debug|Any CPU.Build.0 = Debug|Any CPU
		{2C67C999-C97C-4473-BD2B-5B7CDE8B12EE}.Release|Any CPU.ActiveCfg = Release|Any CPU
		{2C67C999-C97C-4473-BD2B-5B7CDE8B12EE}.Release|Any CPU.Build.0 = Release|Any CPU
	EndGlobalSection
	GlobalSection(SolutionProperties) = preSolution
		HideSolutionNode = FALSE
	EndGlobalSection
	GlobalSection(ExtensibilityGlobals) = postSolution
		SolutionGuid = {BB5AB362-BA0E-4353-B6B5-767B67DF2607}
	EndGlobalSection
EndGlobal
